
Microsoft Visual Studio Solution File, Format Version 12.00
# Visual Studio Version 17
VisualStudioVersion = 17.8.34316.72
MinimumVisualStudioVersion = 10.0.40219.1
Project("{FAE04EC0-301F-11D3-BF4B-00C04F79EFBC}") = "Mapper", "Mapper\Mapper.csproj", "{0CC956B6-71A8-4F1E-9523-E635CCE5EAD6}"
EndProject
Project("{FAE04EC0-301F-11D3-BF4B-00C04F79EFBC}") = "Demo", "Demo\Demo.csproj", "{2D31098F-B19B-4EE0-AE3F-106A73D61147}"
EndProject
Global
	GlobalSection(SolutionConfigurationPlatforms) = preSolution
		Debug|Any CPU = Debug|Any CPU
		Release|Any CPU = Release|Any CPU
	EndGlobalSection
	GlobalSection(ProjectConfigurationPlatforms) = postSolution
		{0CC956B6-71A8-4F1E-9523-E635CCE5EAD6}.Debug|Any CPU.ActiveCfg = Debug|Any CPU
		{0CC956B6-71A8-4F1E-9523-E635CCE5EAD6}.Debug|Any CPU.Build.0 = Debug|Any CPU
		{0CC956B6-71A8-4F1E-9523-E635CCE5EAD6}.Release|Any CPU.ActiveCfg = Release|Any CPU
		{0CC956B6-71A8-4F1E-9523-E635CCE5EAD6}.Release|Any CPU.Build.0 = Release|Any CPU
		{2D31098F-B19B-4EE0-AE3F-106A73D61147}.Debug|Any CPU.ActiveCfg = Debug|Any CPU
		{2D31098F-B19B-4EE0-AE3F-106A73D61147}.Debug|Any CPU.Build.0 = Debug|Any CPU
		{2D31098F-B19B-4EE0-AE3F-106A73D61147}.Release|Any CPU.ActiveCfg = Release|Any CPU
		{2D31098F-B19B-4EE0-AE3F-106A73D61147}.Release|Any CPU.Build.0 = Release|Any CPU
	EndGlobalSection
	GlobalSection(SolutionProperties) = preSolution
		HideSolutionNode = FALSE
	EndGlobalSection
	GlobalSection(ExtensibilityGlobals) = postSolution
		SolutionGuid = {2095B719-DBE7-42FD-AC13-9E57B93488DD}
	EndGlobalSection
EndGlobal
